// !$*UTF8*$!
{
	archiveVersion = 1;
	classes = {
	};
	objectVersion = 51;
	objects = {

/* Begin PBXBuildFile section */
		139ECB81281091FD5A3A43EF /* Pods_ArticultureAdmin.framework in Frameworks */ = {isa = PBXBuildFile; fileRef = D0F19F6CECAA0F1AEEB337CA /* Pods_ArticultureAdmin.framework */; };
		B15FA9DA5A5490F0E96E27AD /* Pods_Articulture.framework in Frameworks */ = {isa = PBXBuildFile; fileRef = 477D0F072DDB091CFBFEAAD0 /* Pods_Articulture.framework */; };
		F7148101235655160049FECE /* LoginVC.swift in Sources */ = {isa = PBXBuildFile; fileRef = F7148100235655160049FECE /* LoginVC.swift */; };
		F71CAD8D236580F3004EF742 /* CategoryAddEditVC.swift in Sources */ = {isa = PBXBuildFile; fileRef = F71CAD8C236580F3004EF742 /* CategoryAddEditVC.swift */; };
		F72D6F6E236557250019E816 /* HomeVC.swift in Sources */ = {isa = PBXBuildFile; fileRef = F78CA7DB235309EA00B457E0 /* HomeVC.swift */; };
		F72D6F6F236558540019E816 /* RoundedViews.swift in Sources */ = {isa = PBXBuildFile; fileRef = F78D1EAE23579BAC001F85A9 /* RoundedViews.swift */; };
		F72D6F70236558B70019E816 /* Extensions.swift in Sources */ = {isa = PBXBuildFile; fileRef = F78D1EA923578FC7001F85A9 /* Extensions.swift */; };
		F72D6F71236558BA0019E816 /* Constants.swift in Sources */ = {isa = PBXBuildFile; fileRef = F78D1EAB23579582001F85A9 /* Constants.swift */; };
		F72D6F72236558DB0019E816 /* ProductDetailVC.swift in Sources */ = {isa = PBXBuildFile; fileRef = F75C21C82364E36C00C61C17 /* ProductDetailVC.swift */; };
		F75C21CA2364E36C00C61C17 /* ProductDetailVC.swift in Sources */ = {isa = PBXBuildFile; fileRef = F75C21C82364E36C00C61C17 /* ProductDetailVC.swift */; };
		F75C21CB2364E36C00C61C17 /* ProductDetailVC.xib in Resources */ = {isa = PBXBuildFile; fileRef = F75C21C92364E36C00C61C17 /* ProductDetailVC.xib */; };
		F75C4FAA23672EA000C0984F /* AdminProductsVC.swift in Sources */ = {isa = PBXBuildFile; fileRef = F75C4FA923672EA000C0984F /* AdminProductsVC.swift */; };
		F75C4FAC2367378300C0984F /* AddEditProductsVC.swift in Sources */ = {isa = PBXBuildFile; fileRef = F75C4FAB2367378300C0984F /* AddEditProductsVC.swift */; };
		F77F7E012369F57200DAE689 /* CheckoutVC.swift in Sources */ = {isa = PBXBuildFile; fileRef = F77F7E002369F57200DAE689 /* CheckoutVC.swift */; };
		F77F7E042369FD2C00DAE689 /* CartItemCell.swift in Sources */ = {isa = PBXBuildFile; fileRef = F77F7E022369FD2C00DAE689 /* CartItemCell.swift */; };
		F77F7E052369FD2C00DAE689 /* CartItemCell.xib in Resources */ = {isa = PBXBuildFile; fileRef = F77F7E032369FD2C00DAE689 /* CartItemCell.xib */; };
		F77F7E08236A15B000DAE689 /* Stripe.swift in Sources */ = {isa = PBXBuildFile; fileRef = F77F7E07236A15B000DAE689 /* Stripe.swift */; };
		F78CA7DA235309EA00B457E0 /* AppDelegate.swift in Sources */ = {isa = PBXBuildFile; fileRef = F78CA7D9235309EA00B457E0 /* AppDelegate.swift */; };
		F78CA7DC235309EA00B457E0 /* HomeVC.swift in Sources */ = {isa = PBXBuildFile; fileRef = F78CA7DB235309EA00B457E0 /* HomeVC.swift */; };
		F78CA7DF235309EA00B457E0 /* Main.storyboard in Resources */ = {isa = PBXBuildFile; fileRef = F78CA7DD235309EA00B457E0 /* Main.storyboard */; };
		F78CA7E4235309EB00B457E0 /* LaunchScreen.storyboard in Resources */ = {isa = PBXBuildFile; fileRef = F78CA7E2235309EB00B457E0 /* LaunchScreen.storyboard */; };
		F78CA7F223530A4200B457E0 /* AppDelegate.swift in Sources */ = {isa = PBXBuildFile; fileRef = F78CA7F123530A4200B457E0 /* AppDelegate.swift */; };
		F78CA7F423530A4200B457E0 /* AdminHomeVC.swift in Sources */ = {isa = PBXBuildFile; fileRef = F78CA7F323530A4200B457E0 /* AdminHomeVC.swift */; };
		F78CA7F723530A4200B457E0 /* Main.storyboard in Resources */ = {isa = PBXBuildFile; fileRef = F78CA7F523530A4200B457E0 /* Main.storyboard */; };
		F78CA7FC23530A4300B457E0 /* LaunchScreen.storyboard in Resources */ = {isa = PBXBuildFile; fileRef = F78CA7FA23530A4300B457E0 /* LaunchScreen.storyboard */; };
		F78CA8042353345C00B457E0 /* LoginStoryboard.storyboard in Resources */ = {isa = PBXBuildFile; fileRef = F78CA8032353345C00B457E0 /* LoginStoryboard.storyboard */; };
		F78D1E9F235775D4001F85A9 /* GoogleService-Info.plist in Resources */ = {isa = PBXBuildFile; fileRef = F78D1E9E235775D4001F85A9 /* GoogleService-Info.plist */; };
		F78D1EA1235779A7001F85A9 /* GoogleService-Info.plist in Resources */ = {isa = PBXBuildFile; fileRef = F78D1EA0235779A7001F85A9 /* GoogleService-Info.plist */; };
		F78D1EA7235780FF001F85A9 /* RegisterVC.swift in Sources */ = {isa = PBXBuildFile; fileRef = F78D1EA6235780FF001F85A9 /* RegisterVC.swift */; };
		F78D1EAA23578FC7001F85A9 /* Extensions.swift in Sources */ = {isa = PBXBuildFile; fileRef = F78D1EA923578FC7001F85A9 /* Extensions.swift */; };
		F78D1EAC23579582001F85A9 /* Constants.swift in Sources */ = {isa = PBXBuildFile; fileRef = F78D1EAB23579582001F85A9 /* Constants.swift */; };
		F78D1EAF23579BAC001F85A9 /* RoundedViews.swift in Sources */ = {isa = PBXBuildFile; fileRef = F78D1EAE23579BAC001F85A9 /* RoundedViews.swift */; };
		F792A37C235E287B006F3A32 /* ForgotPasswordVC.swift in Sources */ = {isa = PBXBuildFile; fileRef = F792A37A235E287B006F3A32 /* ForgotPasswordVC.swift */; };
		F792A37D235E287B006F3A32 /* ForgotPasswordVC.xib in Resources */ = {isa = PBXBuildFile; fileRef = F792A37B235E287B006F3A32 /* ForgotPasswordVC.xib */; };
		F7B2F36B23607E8100FDF98C /* Firebase+Utils.swift in Sources */ = {isa = PBXBuildFile; fileRef = F7B2F36A23607E8100FDF98C /* Firebase+Utils.swift */; };
		F7B2F36C23607FD400FDF98C /* Firebase+Utils.swift in Sources */ = {isa = PBXBuildFile; fileRef = F7B2F36A23607E8100FDF98C /* Firebase+Utils.swift */; };
		F7B2F36E2361FD4800FDF98C /* Category.swift in Sources */ = {isa = PBXBuildFile; fileRef = F7B2F36D2361FD4800FDF98C /* Category.swift */; };
		F7B2F36F2361FD4800FDF98C /* Category.swift in Sources */ = {isa = PBXBuildFile; fileRef = F7B2F36D2361FD4800FDF98C /* Category.swift */; };
		F7B2F3752362012E00FDF98C /* CategoryCell.swift in Sources */ = {isa = PBXBuildFile; fileRef = F7B2F3732362012E00FDF98C /* CategoryCell.swift */; };
		F7B2F3762362012E00FDF98C /* CategoryCell.swift in Sources */ = {isa = PBXBuildFile; fileRef = F7B2F3732362012E00FDF98C /* CategoryCell.swift */; };
		F7B2F3772362012E00FDF98C /* CategoryCell.xib in Resources */ = {isa = PBXBuildFile; fileRef = F7B2F3742362012E00FDF98C /* CategoryCell.xib */; };
		F7B2F3782362012E00FDF98C /* CategoryCell.xib in Resources */ = {isa = PBXBuildFile; fileRef = F7B2F3742362012E00FDF98C /* CategoryCell.xib */; };
		F7B2F37B2362220200FDF98C /* ProductsVC.swift in Sources */ = {isa = PBXBuildFile; fileRef = F7B2F37A2362220200FDF98C /* ProductsVC.swift */; };
		F7B2F37C2362220E00FDF98C /* ProductsVC.swift in Sources */ = {isa = PBXBuildFile; fileRef = F7B2F37A2362220200FDF98C /* ProductsVC.swift */; };
		F7B2F37E2362228C00FDF98C /* Product.swift in Sources */ = {isa = PBXBuildFile; fileRef = F7B2F37D2362228C00FDF98C /* Product.swift */; };
		F7B2F37F2362228C00FDF98C /* Product.swift in Sources */ = {isa = PBXBuildFile; fileRef = F7B2F37D2362228C00FDF98C /* Product.swift */; };
		F7F43D802362FCE30005A512 /* ProductCell.swift in Sources */ = {isa = PBXBuildFile; fileRef = F7F43D7E2362FCE30005A512 /* ProductCell.swift */; };
		F7F43D812362FCE30005A512 /* ProductCell.swift in Sources */ = {isa = PBXBuildFile; fileRef = F7F43D7E2362FCE30005A512 /* ProductCell.swift */; };
		F7F43D822362FCE30005A512 /* ProductCell.xib in Resources */ = {isa = PBXBuildFile; fileRef = F7F43D7F2362FCE30005A512 /* ProductCell.xib */; };
		F7F43D832362FCE30005A512 /* ProductCell.xib in Resources */ = {isa = PBXBuildFile; fileRef = F7F43D7F2362FCE30005A512 /* ProductCell.xib */; };
		F7FA66492368833900692F5A /* User.swift in Sources */ = {isa = PBXBuildFile; fileRef = F7FA66482368833900692F5A /* User.swift */; };
		F7FA664C2368A77500692F5A /* UserService.swift in Sources */ = {isa = PBXBuildFile; fileRef = F7FA664B2368A77500692F5A /* UserService.swift */; };
		F7FCBB422358D3D00003B602 /* Assets.xcassets in Resources */ = {isa = PBXBuildFile; fileRef = F78CA7E0235309EB00B457E0 /* Assets.xcassets */; };
		F7FCBB432358D3D10003B602 /* Assets.xcassets in Resources */ = {isa = PBXBuildFile; fileRef = F78CA7E0235309EB00B457E0 /* Assets.xcassets */; };
/* End PBXBuildFile section */

/* Begin PBXFileReference section */
		477D0F072DDB091CFBFEAAD0 /* Pods_Articulture.framework */ = {isa = PBXFileReference; explicitFileType = wrapper.framework; includeInIndex = 0; path = Pods_Articulture.framework; sourceTree = BUILT_PRODUCTS_DIR; };
		71D28FF843AE75A2FE26CA7C /* Pods-Articulture.debug.xcconfig */ = {isa = PBXFileReference; includeInIndex = 1; lastKnownFileType = text.xcconfig; name = "Pods-Articulture.debug.xcconfig"; path = "Target Support Files/Pods-Articulture/Pods-Articulture.debug.xcconfig"; sourceTree = "<group>"; };
		7CC6FBA8D2FAB08349633FDB /* Pods-ArticultureAdmin.debug.xcconfig */ = {isa = PBXFileReference; includeInIndex = 1; lastKnownFileType = text.xcconfig; name = "Pods-ArticultureAdmin.debug.xcconfig"; path = "Target Support Files/Pods-ArticultureAdmin/Pods-ArticultureAdmin.debug.xcconfig"; sourceTree = "<group>"; };
		826FEBFD23E985EF99B9F32C /* Pods-Articulture.release.xcconfig */ = {isa = PBXFileReference; includeInIndex = 1; lastKnownFileType = text.xcconfig; name = "Pods-Articulture.release.xcconfig"; path = "Target Support Files/Pods-Articulture/Pods-Articulture.release.xcconfig"; sourceTree = "<group>"; };
		B5290F224D211E300544F73B /* Pods-ArticultureAdmin.release.xcconfig */ = {isa = PBXFileReference; includeInIndex = 1; lastKnownFileType = text.xcconfig; name = "Pods-ArticultureAdmin.release.xcconfig"; path = "Target Support Files/Pods-ArticultureAdmin/Pods-ArticultureAdmin.release.xcconfig"; sourceTree = "<group>"; };
		D0F19F6CECAA0F1AEEB337CA /* Pods_ArticultureAdmin.framework */ = {isa = PBXFileReference; explicitFileType = wrapper.framework; includeInIndex = 0; path = Pods_ArticultureAdmin.framework; sourceTree = BUILT_PRODUCTS_DIR; };
		F7148100235655160049FECE /* LoginVC.swift */ = {isa = PBXFileReference; lastKnownFileType = sourcecode.swift; path = LoginVC.swift; sourceTree = "<group>"; };
		F71CAD8C236580F3004EF742 /* CategoryAddEditVC.swift */ = {isa = PBXFileReference; lastKnownFileType = sourcecode.swift; path = CategoryAddEditVC.swift; sourceTree = "<group>"; };
		F75C21C82364E36C00C61C17 /* ProductDetailVC.swift */ = {isa = PBXFileReference; lastKnownFileType = sourcecode.swift; path = ProductDetailVC.swift; sourceTree = "<group>"; };
		F75C21C92364E36C00C61C17 /* ProductDetailVC.xib */ = {isa = PBXFileReference; lastKnownFileType = file.xib; path = ProductDetailVC.xib; sourceTree = "<group>"; };
		F75C4FA923672EA000C0984F /* AdminProductsVC.swift */ = {isa = PBXFileReference; lastKnownFileType = sourcecode.swift; path = AdminProductsVC.swift; sourceTree = "<group>"; };
		F75C4FAB2367378300C0984F /* AddEditProductsVC.swift */ = {isa = PBXFileReference; lastKnownFileType = sourcecode.swift; path = AddEditProductsVC.swift; sourceTree = "<group>"; };
		F77F7E002369F57200DAE689 /* CheckoutVC.swift */ = {isa = PBXFileReference; lastKnownFileType = sourcecode.swift; path = CheckoutVC.swift; sourceTree = "<group>"; };
		F77F7E022369FD2C00DAE689 /* CartItemCell.swift */ = {isa = PBXFileReference; lastKnownFileType = sourcecode.swift; name = CartItemCell.swift; path = ../XIBs/CartItemCell.swift; sourceTree = "<group>"; };
		F77F7E032369FD2C00DAE689 /* CartItemCell.xib */ = {isa = PBXFileReference; lastKnownFileType = file.xib; path = CartItemCell.xib; sourceTree = "<group>"; };
		F77F7E07236A15B000DAE689 /* Stripe.swift */ = {isa = PBXFileReference; lastKnownFileType = sourcecode.swift; path = Stripe.swift; sourceTree = "<group>"; };
		F78CA7D6235309EA00B457E0 /* Articulture.app */ = {isa = PBXFileReference; explicitFileType = wrapper.application; includeInIndex = 0; path = Articulture.app; sourceTree = BUILT_PRODUCTS_DIR; };
		F78CA7D9235309EA00B457E0 /* AppDelegate.swift */ = {isa = PBXFileReference; lastKnownFileType = sourcecode.swift; path = AppDelegate.swift; sourceTree = "<group>"; };
		F78CA7DB235309EA00B457E0 /* HomeVC.swift */ = {isa = PBXFileReference; lastKnownFileType = sourcecode.swift; path = HomeVC.swift; sourceTree = "<group>"; };
		F78CA7DE235309EA00B457E0 /* Base */ = {isa = PBXFileReference; lastKnownFileType = file.storyboard; name = Base; path = Base.lproj/Main.storyboard; sourceTree = "<group>"; };
		F78CA7E0235309EB00B457E0 /* Assets.xcassets */ = {isa = PBXFileReference; lastKnownFileType = folder.assetcatalog; path = Assets.xcassets; sourceTree = "<group>"; };
		F78CA7E3235309EB00B457E0 /* Base */ = {isa = PBXFileReference; lastKnownFileType = file.storyboard; name = Base; path = Base.lproj/LaunchScreen.storyboard; sourceTree = "<group>"; };
		F78CA7E5235309EB00B457E0 /* Info.plist */ = {isa = PBXFileReference; lastKnownFileType = text.plist.xml; path = Info.plist; sourceTree = "<group>"; };
		F78CA7EF23530A4200B457E0 /* ArticultureAdmin.app */ = {isa = PBXFileReference; explicitFileType = wrapper.application; includeInIndex = 0; path = ArticultureAdmin.app; sourceTree = BUILT_PRODUCTS_DIR; };
		F78CA7F123530A4200B457E0 /* AppDelegate.swift */ = {isa = PBXFileReference; lastKnownFileType = sourcecode.swift; path = AppDelegate.swift; sourceTree = "<group>"; };
		F78CA7F323530A4200B457E0 /* AdminHomeVC.swift */ = {isa = PBXFileReference; lastKnownFileType = sourcecode.swift; path = AdminHomeVC.swift; sourceTree = "<group>"; };
		F78CA7F623530A4200B457E0 /* Base */ = {isa = PBXFileReference; lastKnownFileType = file.storyboard; name = Base; path = Base.lproj/Main.storyboard; sourceTree = "<group>"; };
		F78CA7FB23530A4300B457E0 /* Base */ = {isa = PBXFileReference; lastKnownFileType = file.storyboard; name = Base; path = Base.lproj/LaunchScreen.storyboard; sourceTree = "<group>"; };
		F78CA7FD23530A4300B457E0 /* Info.plist */ = {isa = PBXFileReference; lastKnownFileType = text.plist.xml; path = Info.plist; sourceTree = "<group>"; };
		F78CA8032353345C00B457E0 /* LoginStoryboard.storyboard */ = {isa = PBXFileReference; lastKnownFileType = file.storyboard; path = LoginStoryboard.storyboard; sourceTree = "<group>"; };
		F78D1E9E235775D4001F85A9 /* GoogleService-Info.plist */ = {isa = PBXFileReference; fileEncoding = 4; lastKnownFileType = text.plist.xml; path = "GoogleService-Info.plist"; sourceTree = "<group>"; };
		F78D1EA0235779A7001F85A9 /* GoogleService-Info.plist */ = {isa = PBXFileReference; fileEncoding = 4; lastKnownFileType = text.plist.xml; path = "GoogleService-Info.plist"; sourceTree = "<group>"; };
		F78D1EA6235780FF001F85A9 /* RegisterVC.swift */ = {isa = PBXFileReference; lastKnownFileType = sourcecode.swift; path = RegisterVC.swift; sourceTree = "<group>"; };
		F78D1EA923578FC7001F85A9 /* Extensions.swift */ = {isa = PBXFileReference; lastKnownFileType = sourcecode.swift; path = Extensions.swift; sourceTree = "<group>"; };
		F78D1EAB23579582001F85A9 /* Constants.swift */ = {isa = PBXFileReference; lastKnownFileType = sourcecode.swift; path = Constants.swift; sourceTree = "<group>"; };
		F78D1EAE23579BAC001F85A9 /* RoundedViews.swift */ = {isa = PBXFileReference; lastKnownFileType = sourcecode.swift; path = RoundedViews.swift; sourceTree = "<group>"; };
		F792A37A235E287B006F3A32 /* ForgotPasswordVC.swift */ = {isa = PBXFileReference; lastKnownFileType = sourcecode.swift; path = ForgotPasswordVC.swift; sourceTree = "<group>"; };
		F792A37B235E287B006F3A32 /* ForgotPasswordVC.xib */ = {isa = PBXFileReference; lastKnownFileType = file.xib; path = ForgotPasswordVC.xib; sourceTree = "<group>"; };
		F7B2F36A23607E8100FDF98C /* Firebase+Utils.swift */ = {isa = PBXFileReference; lastKnownFileType = sourcecode.swift; path = "Firebase+Utils.swift"; sourceTree = "<group>"; };
		F7B2F36D2361FD4800FDF98C /* Category.swift */ = {isa = PBXFileReference; lastKnownFileType = sourcecode.swift; path = Category.swift; sourceTree = "<group>"; };
		F7B2F3732362012E00FDF98C /* CategoryCell.swift */ = {isa = PBXFileReference; lastKnownFileType = sourcecode.swift; path = CategoryCell.swift; sourceTree = "<group>"; };
		F7B2F3742362012E00FDF98C /* CategoryCell.xib */ = {isa = PBXFileReference; lastKnownFileType = file.xib; path = CategoryCell.xib; sourceTree = "<group>"; };
		F7B2F37A2362220200FDF98C /* ProductsVC.swift */ = {isa = PBXFileReference; lastKnownFileType = sourcecode.swift; path = ProductsVC.swift; sourceTree = "<group>"; };
		F7B2F37D2362228C00FDF98C /* Product.swift */ = {isa = PBXFileReference; lastKnownFileType = sourcecode.swift; path = Product.swift; sourceTree = "<group>"; };
		F7F43D7E2362FCE30005A512 /* ProductCell.swift */ = {isa = PBXFileReference; lastKnownFileType = sourcecode.swift; path = ProductCell.swift; sourceTree = "<group>"; };
		F7F43D7F2362FCE30005A512 /* ProductCell.xib */ = {isa = PBXFileReference; lastKnownFileType = file.xib; path = ProductCell.xib; sourceTree = "<group>"; };
		F7FA66482368833900692F5A /* User.swift */ = {isa = PBXFileReference; lastKnownFileType = sourcecode.swift; path = User.swift; sourceTree = "<group>"; };
		F7FA664B2368A77500692F5A /* UserService.swift */ = {isa = PBXFileReference; lastKnownFileType = sourcecode.swift; path = UserService.swift; sourceTree = "<group>"; };
/* End PBXFileReference section */

/* Begin PBXFrameworksBuildPhase section */
		F78CA7D3235309EA00B457E0 /* Frameworks */ = {
			isa = PBXFrameworksBuildPhase;
			buildActionMask = 2147483647;
			files = (
				B15FA9DA5A5490F0E96E27AD /* Pods_Articulture.framework in Frameworks */,
			);
			runOnlyForDeploymentPostprocessing = 0;
		};
		F78CA7EC23530A4200B457E0 /* Frameworks */ = {
			isa = PBXFrameworksBuildPhase;
			buildActionMask = 2147483647;
			files = (
				139ECB81281091FD5A3A43EF /* Pods_ArticultureAdmin.framework in Frameworks */,
			);
			runOnlyForDeploymentPostprocessing = 0;
		};
/* End PBXFrameworksBuildPhase section */

/* Begin PBXGroup section */
		CDF9241870FF85837AC45CA7 /* Pods */ = {
			isa = PBXGroup;
			children = (
				71D28FF843AE75A2FE26CA7C /* Pods-Articulture.debug.xcconfig */,
				826FEBFD23E985EF99B9F32C /* Pods-Articulture.release.xcconfig */,
				7CC6FBA8D2FAB08349633FDB /* Pods-ArticultureAdmin.debug.xcconfig */,
				B5290F224D211E300544F73B /* Pods-ArticultureAdmin.release.xcconfig */,
			);
			path = Pods;
			sourceTree = "<group>";
		};
		D16C2A3A671F33261CD56673 /* Frameworks */ = {
			isa = PBXGroup;
			children = (
				477D0F072DDB091CFBFEAAD0 /* Pods_Articulture.framework */,
				D0F19F6CECAA0F1AEEB337CA /* Pods_ArticultureAdmin.framework */,
			);
			name = Frameworks;
			sourceTree = "<group>";
		};
		F71CAD8B236580B9004EF742 /* Controller */ = {
			isa = PBXGroup;
			children = (
				F78CA7F123530A4200B457E0 /* AppDelegate.swift */,
				F78CA7F323530A4200B457E0 /* AdminHomeVC.swift */,
				F71CAD8C236580F3004EF742 /* CategoryAddEditVC.swift */,
				F75C4FA923672EA000C0984F /* AdminProductsVC.swift */,
				F75C4FAB2367378300C0984F /* AddEditProductsVC.swift */,
			);
			path = Controller;
			sourceTree = "<group>";
		};
		F77F7E06236A13DC00DAE689 /* Stripe */ = {
			isa = PBXGroup;
			children = (
				F77F7E07236A15B000DAE689 /* Stripe.swift */,
			);
			path = Stripe;
			sourceTree = "<group>";
		};
		F78CA7CD235309EA00B457E0 = {
			isa = PBXGroup;
			children = (
				F78CA80123530A7400B457E0 /* Shared */,
				F78CA7D8235309EA00B457E0 /* Articulture */,
				F78CA7F023530A4200B457E0 /* ArticultureAdmin */,
				F78CA7D7235309EA00B457E0 /* Products */,
				CDF9241870FF85837AC45CA7 /* Pods */,
				D16C2A3A671F33261CD56673 /* Frameworks */,
			);
			sourceTree = "<group>";
		};
		F78CA7D7235309EA00B457E0 /* Products */ = {
			isa = PBXGroup;
			children = (
				F78CA7D6235309EA00B457E0 /* Articulture.app */,
				F78CA7EF23530A4200B457E0 /* ArticultureAdmin.app */,
			);
			name = Products;
			sourceTree = "<group>";
		};
		F78CA7D8235309EA00B457E0 /* Articulture */ = {
			isa = PBXGroup;
			children = (
				F77F7E06236A13DC00DAE689 /* Stripe */,
				F7FA664A2368A76400692F5A /* Services */,
				F792A379235E285A006F3A32 /* XIBs */,
				F78D1EA523577F9F001F85A9 /* Storyboards */,
				F78D1EA423577F89001F85A9 /* Controller */,
				F78D1EA323577F83001F85A9 /* View */,
				F78D1E9E235775D4001F85A9 /* GoogleService-Info.plist */,
				F78CA7E5235309EB00B457E0 /* Info.plist */,
			);
			path = Articulture;
			sourceTree = "<group>";
		};
		F78CA7F023530A4200B457E0 /* ArticultureAdmin */ = {
			isa = PBXGroup;
			children = (
				F71CAD8B236580B9004EF742 /* Controller */,
				F78D1EA0235779A7001F85A9 /* GoogleService-Info.plist */,
				F78CA7F523530A4200B457E0 /* Main.storyboard */,
				F78CA7FA23530A4300B457E0 /* LaunchScreen.storyboard */,
				F78CA7FD23530A4300B457E0 /* Info.plist */,
			);
			path = ArticultureAdmin;
			sourceTree = "<group>";
		};
		F78CA80123530A7400B457E0 /* Shared */ = {
			isa = PBXGroup;
			children = (
				F7B2F379236206B200FDF98C /* XIBs */,
				F78D1EA223577F7B001F85A9 /* Model */,
				F78D1EAD23579B99001F85A9 /* View */,
				F78D1EA823578FA7001F85A9 /* Utils */,
				F78CA7E0235309EB00B457E0 /* Assets.xcassets */,
			);
			path = Shared;
			sourceTree = "<group>";
		};
		F78D1EA223577F7B001F85A9 /* Model */ = {
			isa = PBXGroup;
			children = (
				F7B2F36D2361FD4800FDF98C /* Category.swift */,
				F7B2F37D2362228C00FDF98C /* Product.swift */,
				F7FA66482368833900692F5A /* User.swift */,
			);
			path = Model;
			sourceTree = "<group>";
		};
		F78D1EA323577F83001F85A9 /* View */ = {
			isa = PBXGroup;
			children = (
			);
			path = View;
			sourceTree = "<group>";
		};
		F78D1EA423577F89001F85A9 /* Controller */ = {
			isa = PBXGroup;
			children = (
				F7148100235655160049FECE /* LoginVC.swift */,
				F78D1EA6235780FF001F85A9 /* RegisterVC.swift */,
				F78CA7D9235309EA00B457E0 /* AppDelegate.swift */,
				F78CA7DB235309EA00B457E0 /* HomeVC.swift */,
				F7B2F37A2362220200FDF98C /* ProductsVC.swift */,
				F77F7E002369F57200DAE689 /* CheckoutVC.swift */,
			);
			path = Controller;
			sourceTree = "<group>";
		};
		F78D1EA523577F9F001F85A9 /* Storyboards */ = {
			isa = PBXGroup;
			children = (
				F78CA7DD235309EA00B457E0 /* Main.storyboard */,
				F78CA8032353345C00B457E0 /* LoginStoryboard.storyboard */,
				F78CA7E2235309EB00B457E0 /* LaunchScreen.storyboard */,
			);
			path = Storyboards;
			sourceTree = "<group>";
		};
		F78D1EA823578FA7001F85A9 /* Utils */ = {
			isa = PBXGroup;
			children = (
				F78D1EA923578FC7001F85A9 /* Extensions.swift */,
				F78D1EAB23579582001F85A9 /* Constants.swift */,
				F7B2F36A23607E8100FDF98C /* Firebase+Utils.swift */,
			);
			path = Utils;
			sourceTree = "<group>";
		};
		F78D1EAD23579B99001F85A9 /* View */ = {
			isa = PBXGroup;
			children = (
				F77F7E022369FD2C00DAE689 /* CartItemCell.swift */,
				F78D1EAE23579BAC001F85A9 /* RoundedViews.swift */,
				F7B2F3732362012E00FDF98C /* CategoryCell.swift */,
				F7F43D7E2362FCE30005A512 /* ProductCell.swift */,
			);
			path = View;
			sourceTree = "<group>";
		};
		F792A379235E285A006F3A32 /* XIBs */ = {
			isa = PBXGroup;
			children = (
				F792A37A235E287B006F3A32 /* ForgotPasswordVC.swift */,
				F792A37B235E287B006F3A32 /* ForgotPasswordVC.xib */,
				F75C21C82364E36C00C61C17 /* ProductDetailVC.swift */,
				F75C21C92364E36C00C61C17 /* ProductDetailVC.xib */,
			);
			path = XIBs;
			sourceTree = "<group>";
		};
		F7B2F379236206B200FDF98C /* XIBs */ = {
			isa = PBXGroup;
			children = (
				F7B2F3742362012E00FDF98C /* CategoryCell.xib */,
				F7F43D7F2362FCE30005A512 /* ProductCell.xib */,
				F77F7E032369FD2C00DAE689 /* CartItemCell.xib */,
			);
			path = XIBs;
			sourceTree = "<group>";
		};
		F7FA664A2368A76400692F5A /* Services */ = {
			isa = PBXGroup;
			children = (
				F7FA664B2368A77500692F5A /* UserService.swift */,
			);
			path = Services;
			sourceTree = "<group>";
		};
/* End PBXGroup section */

/* Begin PBXNativeTarget section */
		F78CA7D5235309EA00B457E0 /* Articulture */ = {
			isa = PBXNativeTarget;
			buildConfigurationList = F78CA7E8235309EB00B457E0 /* Build configuration list for PBXNativeTarget "Articulture" */;
			buildPhases = (
				4BC775E3547706BA1C29090F /* [CP] Check Pods Manifest.lock */,
				F78CA7D2235309EA00B457E0 /* Sources */,
				F78CA7D3235309EA00B457E0 /* Frameworks */,
				F78CA7D4235309EA00B457E0 /* Resources */,
				85CF9E0E531EE5ACA2B3A62F /* [CP] Embed Pods Frameworks */,
			);
			buildRules = (
			);
			dependencies = (
			);
			name = Articulture;
			productName = Articulture;
			productReference = F78CA7D6235309EA00B457E0 /* Articulture.app */;
			productType = "com.apple.product-type.application";
		};
		F78CA7EE23530A4200B457E0 /* ArticultureAdmin */ = {
			isa = PBXNativeTarget;
			buildConfigurationList = F78CA7FE23530A4300B457E0 /* Build configuration list for PBXNativeTarget "ArticultureAdmin" */;
			buildPhases = (
				22D9D83AF10AFE1BED181D56 /* [CP] Check Pods Manifest.lock */,
				F78CA7EB23530A4200B457E0 /* Sources */,
				F78CA7EC23530A4200B457E0 /* Frameworks */,
				F78CA7ED23530A4200B457E0 /* Resources */,
				FDD86B0CA55139D040E37CFA /* [CP] Embed Pods Frameworks */,
			);
			buildRules = (
			);
			dependencies = (
			);
			name = ArticultureAdmin;
			productName = ArticultureAdmin;
			productReference = F78CA7EF23530A4200B457E0 /* ArticultureAdmin.app */;
			productType = "com.apple.product-type.application";
		};
/* End PBXNativeTarget section */

/* Begin PBXProject section */
		F78CA7CE235309EA00B457E0 /* Project object */ = {
			isa = PBXProject;
			attributes = {
				LastSwiftUpdateCheck = 1020;
				LastUpgradeCheck = 1020;
				ORGANIZATIONNAME = "Zarrar Company";
				TargetAttributes = {
					F78CA7D5235309EA00B457E0 = {
						CreatedOnToolsVersion = 10.2.1;
					};
					F78CA7EE23530A4200B457E0 = {
						CreatedOnToolsVersion = 10.2.1;
					};
				};
			};
			buildConfigurationList = F78CA7D1235309EA00B457E0 /* Build configuration list for PBXProject "Articulture" */;
			compatibilityVersion = "Xcode 9.3";
			developmentRegion = en;
			hasScannedForEncodings = 0;
			knownRegions = (
				en,
				Base,
			);
			mainGroup = F78CA7CD235309EA00B457E0;
			productRefGroup = F78CA7D7235309EA00B457E0 /* Products */;
			projectDirPath = "";
			projectRoot = "";
			targets = (
				F78CA7D5235309EA00B457E0 /* Articulture */,
				F78CA7EE23530A4200B457E0 /* ArticultureAdmin */,
			);
		};
/* End PBXProject section */

/* Begin PBXResourcesBuildPhase section */
		F78CA7D4235309EA00B457E0 /* Resources */ = {
			isa = PBXResourcesBuildPhase;
			buildActionMask = 2147483647;
			files = (
				F78D1E9F235775D4001F85A9 /* GoogleService-Info.plist in Resources */,
				F7F43D822362FCE30005A512 /* ProductCell.xib in Resources */,
				F7B2F3772362012E00FDF98C /* CategoryCell.xib in Resources */,
				F78CA7E4235309EB00B457E0 /* LaunchScreen.storyboard in Resources */,
				F78CA7DF235309EA00B457E0 /* Main.storyboard in Resources */,
				F78CA8042353345C00B457E0 /* LoginStoryboard.storyboard in Resources */,
				F75C21CB2364E36C00C61C17 /* ProductDetailVC.xib in Resources */,
				F792A37D235E287B006F3A32 /* ForgotPasswordVC.xib in Resources */,
				F77F7E052369FD2C00DAE689 /* CartItemCell.xib in Resources */,
				F7FCBB432358D3D10003B602 /* Assets.xcassets in Resources */,
			);
			runOnlyForDeploymentPostprocessing = 0;
		};
		F78CA7ED23530A4200B457E0 /* Resources */ = {
			isa = PBXResourcesBuildPhase;
			buildActionMask = 2147483647;
			files = (
				F7B2F3782362012E00FDF98C /* CategoryCell.xib in Resources */,
				F78CA7FC23530A4300B457E0 /* LaunchScreen.storyboard in Resources */,
				F78CA7F723530A4200B457E0 /* Main.storyboard in Resources */,
				F7F43D832362FCE30005A512 /* ProductCell.xib in Resources */,
				F7FCBB422358D3D00003B602 /* Assets.xcassets in Resources */,
				F78D1EA1235779A7001F85A9 /* GoogleService-Info.plist in Resources */,
			);
			runOnlyForDeploymentPostprocessing = 0;
		};
/* End PBXResourcesBuildPhase section */

/* Begin PBXShellScriptBuildPhase section */
		22D9D83AF10AFE1BED181D56 /* [CP] Check Pods Manifest.lock */ = {
			isa = PBXShellScriptBuildPhase;
			buildActionMask = 2147483647;
			files = (
			);
			inputFileListPaths = (
			);
			inputPaths = (
				"${PODS_PODFILE_DIR_PATH}/Podfile.lock",
				"${PODS_ROOT}/Manifest.lock",
			);
			name = "[CP] Check Pods Manifest.lock";
			outputFileListPaths = (
			);
			outputPaths = (
				"$(DERIVED_FILE_DIR)/Pods-ArticultureAdmin-checkManifestLockResult.txt",
			);
			runOnlyForDeploymentPostprocessing = 0;
			shellPath = /bin/sh;
			shellScript = "diff \"${PODS_PODFILE_DIR_PATH}/Podfile.lock\" \"${PODS_ROOT}/Manifest.lock\" > /dev/null\nif [ $? != 0 ] ; then\n    # print error to STDERR\n    echo \"error: The sandbox is not in sync with the Podfile.lock. Run 'pod install' or update your CocoaPods installation.\" >&2\n    exit 1\nfi\n# This output is used by Xcode 'outputs' to avoid re-running this script phase.\necho \"SUCCESS\" > \"${SCRIPT_OUTPUT_FILE_0}\"\n";
			showEnvVarsInLog = 0;
		};
		4BC775E3547706BA1C29090F /* [CP] Check Pods Manifest.lock */ = {
			isa = PBXShellScriptBuildPhase;
			buildActionMask = 2147483647;
			files = (
			);
			inputFileListPaths = (
			);
			inputPaths = (
				"${PODS_PODFILE_DIR_PATH}/Podfile.lock",
				"${PODS_ROOT}/Manifest.lock",
			);
			name = "[CP] Check Pods Manifest.lock";
			outputFileListPaths = (
			);
			outputPaths = (
				"$(DERIVED_FILE_DIR)/Pods-Articulture-checkManifestLockResult.txt",
			);
			runOnlyForDeploymentPostprocessing = 0;
			shellPath = /bin/sh;
			shellScript = "diff \"${PODS_PODFILE_DIR_PATH}/Podfile.lock\" \"${PODS_ROOT}/Manifest.lock\" > /dev/null\nif [ $? != 0 ] ; then\n    # print error to STDERR\n    echo \"error: The sandbox is not in sync with the Podfile.lock. Run 'pod install' or update your CocoaPods installation.\" >&2\n    exit 1\nfi\n# This output is used by Xcode 'outputs' to avoid re-running this script phase.\necho \"SUCCESS\" > \"${SCRIPT_OUTPUT_FILE_0}\"\n";
			showEnvVarsInLog = 0;
		};
		85CF9E0E531EE5ACA2B3A62F /* [CP] Embed Pods Frameworks */ = {
			isa = PBXShellScriptBuildPhase;
			buildActionMask = 2147483647;
			files = (
			);
			inputFileListPaths = (
				"${PODS_ROOT}/Target Support Files/Pods-Articulture/Pods-Articulture-frameworks-${CONFIGURATION}-input-files.xcfilelist",
			);
			name = "[CP] Embed Pods Frameworks";
			outputFileListPaths = (
				"${PODS_ROOT}/Target Support Files/Pods-Articulture/Pods-Articulture-frameworks-${CONFIGURATION}-output-files.xcfilelist",
			);
			runOnlyForDeploymentPostprocessing = 0;
			shellPath = /bin/sh;
			shellScript = "\"${PODS_ROOT}/Target Support Files/Pods-Articulture/Pods-Articulture-frameworks.sh\"\n";
			showEnvVarsInLog = 0;
		};
		FDD86B0CA55139D040E37CFA /* [CP] Embed Pods Frameworks */ = {
			isa = PBXShellScriptBuildPhase;
			buildActionMask = 2147483647;
			files = (
			);
			inputFileListPaths = (
				"${PODS_ROOT}/Target Support Files/Pods-ArticultureAdmin/Pods-ArticultureAdmin-frameworks-${CONFIGURATION}-input-files.xcfilelist",
			);
			name = "[CP] Embed Pods Frameworks";
			outputFileListPaths = (
				"${PODS_ROOT}/Target Support Files/Pods-ArticultureAdmin/Pods-ArticultureAdmin-frameworks-${CONFIGURATION}-output-files.xcfilelist",
			);
			runOnlyForDeploymentPostprocessing = 0;
			shellPath = /bin/sh;
			shellScript = "\"${PODS_ROOT}/Target Support Files/Pods-ArticultureAdmin/Pods-ArticultureAdmin-frameworks.sh\"\n";
			showEnvVarsInLog = 0;
		};
/* End PBXShellScriptBuildPhase section */

/* Begin PBXSourcesBuildPhase section */
		F78CA7D2235309EA00B457E0 /* Sources */ = {
			isa = PBXSourcesBuildPhase;
			buildActionMask = 2147483647;
			files = (
				F7B2F36B23607E8100FDF98C /* Firebase+Utils.swift in Sources */,
				F75C21CA2364E36C00C61C17 /* ProductDetailVC.swift in Sources */,
				F78D1EAA23578FC7001F85A9 /* Extensions.swift in Sources */,
				F7148101235655160049FECE /* LoginVC.swift in Sources */,
				F7FA66492368833900692F5A /* User.swift in Sources */,
				F78D1EA7235780FF001F85A9 /* RegisterVC.swift in Sources */,
				F77F7E08236A15B000DAE689 /* Stripe.swift in Sources */,
				F7FA664C2368A77500692F5A /* UserService.swift in Sources */,
				F78CA7DC235309EA00B457E0 /* HomeVC.swift in Sources */,
				F7F43D802362FCE30005A512 /* ProductCell.swift in Sources */,
				F78D1EAF23579BAC001F85A9 /* RoundedViews.swift in Sources */,
				F78CA7DA235309EA00B457E0 /* AppDelegate.swift in Sources */,
				F792A37C235E287B006F3A32 /* ForgotPasswordVC.swift in Sources */,
				F77F7E012369F57200DAE689 /* CheckoutVC.swift in Sources */,
				F7B2F37B2362220200FDF98C /* ProductsVC.swift in Sources */,
				F78D1EAC23579582001F85A9 /* Constants.swift in Sources */,
				F7B2F36E2361FD4800FDF98C /* Category.swift in Sources */,
				F77F7E042369FD2C00DAE689 /* CartItemCell.swift in Sources */,
				F7B2F3752362012E00FDF98C /* CategoryCell.swift in Sources */,
				F7B2F37E2362228C00FDF98C /* Product.swift in Sources */,
			);
			runOnlyForDeploymentPostprocessing = 0;
		};
		F78CA7EB23530A4200B457E0 /* Sources */ = {
			isa = PBXSourcesBuildPhase;
			buildActionMask = 2147483647;
			files = (
				F7B2F36C23607FD400FDF98C /* Firebase+Utils.swift in Sources */,
				F78CA7F423530A4200B457E0 /* AdminHomeVC.swift in Sources */,
				F72D6F6F236558540019E816 /* RoundedViews.swift in Sources */,
				F7B2F37C2362220E00FDF98C /* ProductsVC.swift in Sources */,
				F71CAD8D236580F3004EF742 /* CategoryAddEditVC.swift in Sources */,
				F72D6F6E236557250019E816 /* HomeVC.swift in Sources */,
				F78CA7F223530A4200B457E0 /* AppDelegate.swift in Sources */,
				F75C4FAA23672EA000C0984F /* AdminProductsVC.swift in Sources */,
				F7B2F36F2361FD4800FDF98C /* Category.swift in Sources */,
				F7F43D812362FCE30005A512 /* ProductCell.swift in Sources */,
				F7B2F3762362012E00FDF98C /* CategoryCell.swift in Sources */,
				F72D6F70236558B70019E816 /* Extensions.swift in Sources */,
				F7B2F37F2362228C00FDF98C /* Product.swift in Sources */,
				F72D6F72236558DB0019E816 /* ProductDetailVC.swift in Sources */,
				F75C4FAC2367378300C0984F /* AddEditProductsVC.swift in Sources */,
				F72D6F71236558BA0019E816 /* Constants.swift in Sources */,
			);
			runOnlyForDeploymentPostprocessing = 0;
		};
/* End PBXSourcesBuildPhase section */

/* Begin PBXVariantGroup section */
		F78CA7DD235309EA00B457E0 /* Main.storyboard */ = {
			isa = PBXVariantGroup;
			children = (
				F78CA7DE235309EA00B457E0 /* Base */,
			);
			name = Main.storyboard;
			sourceTree = "<group>";
		};
		F78CA7E2235309EB00B457E0 /* LaunchScreen.storyboard */ = {
			isa = PBXVariantGroup;
			children = (
				F78CA7E3235309EB00B457E0 /* Base */,
			);
			name = LaunchScreen.storyboard;
			sourceTree = "<group>";
		};
		F78CA7F523530A4200B457E0 /* Main.storyboard */ = {
			isa = PBXVariantGroup;
			children = (
				F78CA7F623530A4200B457E0 /* Base */,
			);
			name = Main.storyboard;
			sourceTree = "<group>";
		};
		F78CA7FA23530A4300B457E0 /* LaunchScreen.storyboard */ = {
			isa = PBXVariantGroup;
			children = (
				F78CA7FB23530A4300B457E0 /* Base */,
			);
			name = LaunchScreen.storyboard;
			sourceTree = "<group>";
		};
/* End PBXVariantGroup section */

/* Begin XCBuildConfiguration section */
		F78CA7E6235309EB00B457E0 /* Debug */ = {
			isa = XCBuildConfiguration;
			buildSettings = {
				ALWAYS_SEARCH_USER_PATHS = NO;
				CLANG_ANALYZER_NONNULL = YES;
				CLANG_ANALYZER_NUMBER_OBJECT_CONVERSION = YES_AGGRESSIVE;
				CLANG_CXX_LANGUAGE_STANDARD = "gnu++14";
				CLANG_CXX_LIBRARY = "libc++";
				CLANG_ENABLE_MODULES = YES;
				CLANG_ENABLE_OBJC_ARC = YES;
				CLANG_ENABLE_OBJC_WEAK = YES;
				CLANG_WARN_BLOCK_CAPTURE_AUTORELEASING = YES;
				CLANG_WARN_BOOL_CONVERSION = YES;
				CLANG_WARN_COMMA = YES;
				CLANG_WARN_CONSTANT_CONVERSION = YES;
				CLANG_WARN_DEPRECATED_OBJC_IMPLEMENTATIONS = YES;
				CLANG_WARN_DIRECT_OBJC_ISA_USAGE = YES_ERROR;
				CLANG_WARN_DOCUMENTATION_COMMENTS = YES;
				CLANG_WARN_EMPTY_BODY = YES;
				CLANG_WARN_ENUM_CONVERSION = YES;
				CLANG_WARN_INFINITE_RECURSION = YES;
				CLANG_WARN_INT_CONVERSION = YES;
				CLANG_WARN_NON_LITERAL_NULL_CONVERSION = YES;
				CLANG_WARN_OBJC_IMPLICIT_RETAIN_SELF = YES;
				CLANG_WARN_OBJC_LITERAL_CONVERSION = YES;
				CLANG_WARN_OBJC_ROOT_CLASS = YES_ERROR;
				CLANG_WARN_RANGE_LOOP_ANALYSIS = YES;
				CLANG_WARN_STRICT_PROTOTYPES = YES;
				CLANG_WARN_SUSPICIOUS_MOVE = YES;
				CLANG_WARN_UNGUARDED_AVAILABILITY = YES_AGGRESSIVE;
				CLANG_WARN_UNREACHABLE_CODE = YES;
				CLANG_WARN__DUPLICATE_METHOD_MATCH = YES;
				CODE_SIGN_IDENTITY = "iPhone Developer";
				COPY_PHASE_STRIP = NO;
				DEBUG_INFORMATION_FORMAT = dwarf;
				ENABLE_STRICT_OBJC_MSGSEND = YES;
				ENABLE_TESTABILITY = YES;
				GCC_C_LANGUAGE_STANDARD = gnu11;
				GCC_DYNAMIC_NO_PIC = NO;
				GCC_NO_COMMON_BLOCKS = YES;
				GCC_OPTIMIZATION_LEVEL = 0;
				GCC_PREPROCESSOR_DEFINITIONS = (
					"DEBUG=1",
					"$(inherited)",
				);
				GCC_WARN_64_TO_32_BIT_CONVERSION = YES;
				GCC_WARN_ABOUT_RETURN_TYPE = YES_ERROR;
				GCC_WARN_UNDECLARED_SELECTOR = YES;
				GCC_WARN_UNINITIALIZED_AUTOS = YES_AGGRESSIVE;
				GCC_WARN_UNUSED_FUNCTION = YES;
				GCC_WARN_UNUSED_VARIABLE = YES;
				IPHONEOS_DEPLOYMENT_TARGET = 12.2;
				MTL_ENABLE_DEBUG_INFO = INCLUDE_SOURCE;
				MTL_FAST_MATH = YES;
				ONLY_ACTIVE_ARCH = YES;
				SDKROOT = iphoneos;
				SWIFT_ACTIVE_COMPILATION_CONDITIONS = DEBUG;
				SWIFT_OPTIMIZATION_LEVEL = "-Onone";
			};
			name = Debug;
		};
		F78CA7E7235309EB00B457E0 /* Release */ = {
			isa = XCBuildConfiguration;
			buildSettings = {
				ALWAYS_SEARCH_USER_PATHS = NO;
				CLANG_ANALYZER_NONNULL = YES;
				CLANG_ANALYZER_NUMBER_OBJECT_CONVERSION = YES_AGGRESSIVE;
				CLANG_CXX_LANGUAGE_STANDARD = "gnu++14";
				CLANG_CXX_LIBRARY = "libc++";
				CLANG_ENABLE_MODULES = YES;
				CLANG_ENABLE_OBJC_ARC = YES;
				CLANG_ENABLE_OBJC_WEAK = YES;
				CLANG_WARN_BLOCK_CAPTURE_AUTORELEASING = YES;
				CLANG_WARN_BOOL_CONVERSION = YES;
				CLANG_WARN_COMMA = YES;
				CLANG_WARN_CONSTANT_CONVERSION = YES;
				CLANG_WARN_DEPRECATED_OBJC_IMPLEMENTATIONS = YES;
				CLANG_WARN_DIRECT_OBJC_ISA_USAGE = YES_ERROR;
				CLANG_WARN_DOCUMENTATION_COMMENTS = YES;
				CLANG_WARN_EMPTY_BODY = YES;
				CLANG_WARN_ENUM_CONVERSION = YES;
				CLANG_WARN_INFINITE_RECURSION = YES;
				CLANG_WARN_INT_CONVERSION = YES;
				CLANG_WARN_NON_LITERAL_NULL_CONVERSION = YES;
				CLANG_WARN_OBJC_IMPLICIT_RETAIN_SELF = YES;
				CLANG_WARN_OBJC_LITERAL_CONVERSION = YES;
				CLANG_WARN_OBJC_ROOT_CLASS = YES_ERROR;
				CLANG_WARN_RANGE_LOOP_ANALYSIS = YES;
				CLANG_WARN_STRICT_PROTOTYPES = YES;
				CLANG_WARN_SUSPICIOUS_MOVE = YES;
				CLANG_WARN_UNGUARDED_AVAILABILITY = YES_AGGRESSIVE;
				CLANG_WARN_UNREACHABLE_CODE = YES;
				CLANG_WARN__DUPLICATE_METHOD_MATCH = YES;
				CODE_SIGN_IDENTITY = "iPhone Developer";
				COPY_PHASE_STRIP = NO;
				DEBUG_INFORMATION_FORMAT = "dwarf-with-dsym";
				ENABLE_NS_ASSERTIONS = NO;
				ENABLE_STRICT_OBJC_MSGSEND = YES;
				GCC_C_LANGUAGE_STANDARD = gnu11;
				GCC_NO_COMMON_BLOCKS = YES;
				GCC_WARN_64_TO_32_BIT_CONVERSION = YES;
				GCC_WARN_ABOUT_RETURN_TYPE = YES_ERROR;
				GCC_WARN_UNDECLARED_SELECTOR = YES;
				GCC_WARN_UNINITIALIZED_AUTOS = YES_AGGRESSIVE;
				GCC_WARN_UNUSED_FUNCTION = YES;
				GCC_WARN_UNUSED_VARIABLE = YES;
				IPHONEOS_DEPLOYMENT_TARGET = 12.2;
				MTL_ENABLE_DEBUG_INFO = NO;
				MTL_FAST_MATH = YES;
				SDKROOT = iphoneos;
				SWIFT_COMPILATION_MODE = wholemodule;
				SWIFT_OPTIMIZATION_LEVEL = "-O";
				VALIDATE_PRODUCT = YES;
			};
			name = Release;
		};
		F78CA7E9235309EB00B457E0 /* Debug */ = {
			isa = XCBuildConfiguration;
			baseConfigurationReference = 71D28FF843AE75A2FE26CA7C /* Pods-Articulture.debug.xcconfig */;
			buildSettings = {
				ASSETCATALOG_COMPILER_APPICON_NAME = AppIcon;
				ASSETCATALOG_COMPILER_LAUNCHIMAGE_NAME = LaunchImage;
				CODE_SIGN_STYLE = Automatic;
				DEVELOPMENT_TEAM = U6FV5X29AZ;
				INFOPLIST_FILE = Articulture/Info.plist;
				LD_RUNPATH_SEARCH_PATHS = (
					"$(inherited)",
					"@executable_path/Frameworks",
				);
				PRODUCT_BUNDLE_IDENTIFIER = com.fatehkhann.Articulture;
				PRODUCT_NAME = "$(TARGET_NAME)";
				SWIFT_VERSION = 5.0;
				TARGETED_DEVICE_FAMILY = "1,2";
			};
			name = Debug;
		};
		F78CA7EA235309EB00B457E0 /* Release */ = {
			isa = XCBuildConfiguration;
			baseConfigurationReference = 826FEBFD23E985EF99B9F32C /* Pods-Articulture.release.xcconfig */;
			buildSettings = {
				ASSETCATALOG_COMPILER_APPICON_NAME = AppIcon;
				ASSETCATALOG_COMPILER_LAUNCHIMAGE_NAME = LaunchImage;
				CODE_SIGN_STYLE = Automatic;
				DEVELOPMENT_TEAM = U6FV5X29AZ;
				INFOPLIST_FILE = Articulture/Info.plist;
				LD_RUNPATH_SEARCH_PATHS = (
					"$(inherited)",
					"@executable_path/Frameworks",
				);
				PRODUCT_BUNDLE_IDENTIFIER = com.fatehkhann.Articulture;
				PRODUCT_NAME = "$(TARGET_NAME)";
				SWIFT_VERSION = 5.0;
				TARGETED_DEVICE_FAMILY = "1,2";
			};
			name = Release;
		};
		F78CA7FF23530A4300B457E0 /* Debug */ = {
			isa = XCBuildConfiguration;
			baseConfigurationReference = 7CC6FBA8D2FAB08349633FDB /* Pods-ArticultureAdmin.debug.xcconfig */;
			buildSettings = {
				ASSETCATALOG_COMPILER_APPICON_NAME = AppIcon;
				CODE_SIGN_STYLE = Automatic;
				DEVELOPMENT_TEAM = U6FV5X29AZ;
				INFOPLIST_FILE = ArticultureAdmin/Info.plist;
				LD_RUNPATH_SEARCH_PATHS = (
					"$(inherited)",
					"@executable_path/Frameworks",
				);
				PRODUCT_BUNDLE_IDENTIFIER = com.fatehkhann.ArticultureAdmin;
				PRODUCT_NAME = "$(TARGET_NAME)";
				SWIFT_VERSION = 5.0;
				TARGETED_DEVICE_FAMILY = "1,2";
			};
			name = Debug;
		};
		F78CA80023530A4300B457E0 /* Release */ = {
			isa = XCBuildConfiguration;
			baseConfigurationReference = B5290F224D211E300544F73B /* Pods-ArticultureAdmin.release.xcconfig */;
			buildSettings = {
				ASSETCATALOG_COMPILER_APPICON_NAME = AppIcon;
				CODE_SIGN_STYLE = Automatic;
				DEVELOPMENT_TEAM = U6FV5X29AZ;
				INFOPLIST_FILE = ArticultureAdmin/Info.plist;
				LD_RUNPATH_SEARCH_PATHS = (
					"$(inherited)",
					"@executable_path/Frameworks",
				);
				PRODUCT_BUNDLE_IDENTIFIER = com.fatehkhann.ArticultureAdmin;
				PRODUCT_NAME = "$(TARGET_NAME)";
				SWIFT_VERSION = 5.0;
				TARGETED_DEVICE_FAMILY = "1,2";
			};
			name = Release;
		};
/* End XCBuildConfiguration section */

/* Begin XCConfigurationList section */
		F78CA7D1235309EA00B457E0 /* Build configuration list for PBXProject "Articulture" */ = {
			isa = XCConfigurationList;
			buildConfigurations = (
				F78CA7E6235309EB00B457E0 /* Debug */,
				F78CA7E7235309EB00B457E0 /* Release */,
			);
			defaultConfigurationIsVisible = 0;
			defaultConfigurationName = Release;
		};
		F78CA7E8235309EB00B457E0 /* Build configuration list for PBXNativeTarget "Articulture" */ = {
			isa = XCConfigurationList;
			buildConfigurations = (
				F78CA7E9235309EB00B457E0 /* Debug */,
				F78CA7EA235309EB00B457E0 /* Release */,
			);
			defaultConfigurationIsVisible = 0;
			defaultConfigurationName = Release;
		};
		F78CA7FE23530A4300B457E0 /* Build configuration list for PBXNativeTarget "ArticultureAdmin" */ = {
			isa = XCConfigurationList;
			buildConfigurations = (
				F78CA7FF23530A4300B457E0 /* Debug */,
				F78CA80023530A4300B457E0 /* Release */,
			);
			defaultConfigurationIsVisible = 0;
			defaultConfigurationName = Release;
		};
/* End XCConfigurationList section */
	};
	rootObject = F78CA7CE235309EA00B457E0 /* Project object */;
}
